
Microsoft Visual Studio Solution File, Format Version 12.00
# Visual Studio Version 16
VisualStudioVersion = 16.0.30711.63
MinimumVisualStudioVersion = 10.0.40219.1
Project("{FAE04EC0-301F-11D3-BF4B-00C04F79EFBC}") = "Paylocity", "Paylocity\Paylocity.csproj", "{B829E5F4-52DB-470C-B9CA-A2920FE36BDD}"
EndProject
Project("{FAE04EC0-301F-11D3-BF4B-00C04F79EFBC}") = "PaylocityServices", "PaylocityServices\PaylocityServices.csproj", "{1213F1B6-5762-47CB-8F41-D86697205F91}"
EndProject
Project("{9A19103F-16F7-4668-BE54-9A1E7A4F7556}") = "Foundation", "..\Foundation\Foundation\Foundation.csproj", "{8A4F8374-F09C-4637-A305-FB2AA8628C64}"
EndProject
Global
	GlobalSection(SolutionConfigurationPlatforms) = preSolution
		Debug|Any CPU = Debug|Any CPU
		Release|Any CPU = Release|Any CPU
	EndGlobalSection
	GlobalSection(ProjectConfigurationPlatforms) = postSolution
		{B829E5F4-52DB-470C-B9CA-A2920FE36BDD}.Debug|Any CPU.ActiveCfg = Debug|Any CPU
		{B829E5F4-52DB-470C-B9CA-A2920FE36BDD}.Debug|Any CPU.Build.0 = Debug|Any CPU
		{B829E5F4-52DB-470C-B9CA-A2920FE36BDD}.Release|Any CPU.ActiveCfg = Release|Any CPU
		{B829E5F4-52DB-470C-B9CA-A2920FE36BDD}.Release|Any CPU.Build.0 = Release|Any CPU
		{1213F1B6-5762-47CB-8F41-D86697205F91}.Debug|Any CPU.ActiveCfg = Debug|Any CPU
		{1213F1B6-5762-47CB-8F41-D86697205F91}.Debug|Any CPU.Build.0 = Debug|Any CPU
		{1213F1B6-5762-47CB-8F41-D86697205F91}.Release|Any CPU.ActiveCfg = Release|Any CPU
		{1213F1B6-5762-47CB-8F41-D86697205F91}.Release|Any CPU.Build.0 = Release|Any CPU
		{8A4F8374-F09C-4637-A305-FB2AA8628C64}.Debug|Any CPU.ActiveCfg = Debug|Any CPU
		{8A4F8374-F09C-4637-A305-FB2AA8628C64}.Debug|Any CPU.Build.0 = Debug|Any CPU
		{8A4F8374-F09C-4637-A305-FB2AA8628C64}.Release|Any CPU.ActiveCfg = Release|Any CPU
		{8A4F8374-F09C-4637-A305-FB2AA8628C64}.Release|Any CPU.Build.0 = Release|Any CPU
	EndGlobalSection
	GlobalSection(SolutionProperties) = preSolution
		HideSolutionNode = FALSE
	EndGlobalSection
	GlobalSection(ExtensibilityGlobals) = postSolution
		SolutionGuid = {EA8FC8CC-939E-4D12-A30D-C5620C7CF63F}
	EndGlobalSection
EndGlobal
